<?xml version="1.0" encoding="utf-8"?>
<Project ToolsVersion="4.0" xmlns="http://schemas.microsoft.com/developer/msbuild/2003">
  <ItemGroup>
    <Filter Include="Source Files">
      <UniqueIdentifier>{4FC737F1-C7A5-4376-A066-2A32D752A2FF}</UniqueIdentifier>
      <Extensions>cpp;c;cc;cxx;def;odl;idl;hpj;bat;asm;asmx</Extensions>
    </Filter>
  </ItemGroup>
  <ItemGroup>
    <None Include="ReadMe.txt" />
  </ItemGroup>
  <ItemGroup>
    <ClCompile Include="AnimationClip.cpp">
      <Filter>Source Files</Filter>
    </ClCompile>
    <ClCompile Include="AnimClipInstance.cpp">
      <Filter>Source Files</Filter>
    </ClCompile>
    <ClCompile Include="AssertDebug.cpp">
      <Filter>Source Files</Filter>
    </ClCompile>
    <ClCompile Include="BaseComponent.cpp">
      <Filter>Source Files</Filter>
    </ClCompile>
    <ClCompile Include="BaseObject.cpp">
      <Filter>Source Files</Filter>
    </ClCompile>
    <ClCompile Include="Camera.cpp">
      <Filter>Source Files</Filter>
    </ClCompile>
    <ClCompile Include="DeferredDirLightPixelShader.cpp">
      <Filter>Source Files</Filter>
    </ClCompile>
    <ClCompile Include="DeferredPointLightPixelShader.cpp">
      <Filter>Source Files</Filter>
    </ClCompile>
    <ClCompile Include="DeferredShadowPixelShader.cpp">
      <Filter>Source Files</Filter>
    </ClCompile>
    <ClCompile Include="DirectionalLightComponent.cpp">
      <Filter>Source Files</Filter>
    </ClCompile>
    <ClCompile Include="DrawingPolicy.cpp">
      <Filter>Source Files</Filter>
    </ClCompile>
    <ClCompile Include="Engine.cpp">
      <Filter>Source Files</Filter>
    </ClCompile>
    <ClCompile Include="Entity.cpp">
      <Filter>Source Files</Filter>
    </ClCompile>
    <ClCompile Include="FbxFileImporter.cpp">
      <Filter>Source Files</Filter>
    </ClCompile>
    <ClCompile Include="FpsCamera.cpp">
      <Filter>Source Files</Filter>
    </ClCompile>
    <ClCompile Include="GBufferDrawingPolicy.cpp">
      <Filter>Source Files</Filter>
    </ClCompile>
    <ClCompile Include="Input.cpp">
      <Filter>Source Files</Filter>
    </ClCompile>
    <ClCompile Include="LightComponent.cpp">
      <Filter>Source Files</Filter>
    </ClCompile>
    <ClCompile Include="LineBatcher.cpp">
      <Filter>Source Files</Filter>
    </ClCompile>
    <ClCompile Include="MathUtil.cpp">
      <Filter>Source Files</Filter>
    </ClCompile>
    <ClCompile Include="OutputDebug.cpp">
      <Filter>Source Files</Filter>
    </ClCompile>
    <ClCompile Include="PixelShader.cpp">
      <Filter>Source Files</Filter>
    </ClCompile>
    <ClCompile Include="PointLightComponent.cpp">
      <Filter>Source Files</Filter>
    </ClCompile>
    <ClCompile Include="Shader.cpp">
      <Filter>Source Files</Filter>
    </ClCompile>
    <ClCompile Include="ShaderRes.cpp">
      <Filter>Source Files</Filter>
    </ClCompile>
    <ClCompile Include="SimpleDrawingPolicy.cpp">
      <Filter>Source Files</Filter>
    </ClCompile>
    <ClCompile Include="SkeletalMesh.cpp">
      <Filter>Source Files</Filter>
    </ClCompile>
    <ClCompile Include="SkeletalMeshComponent.cpp">
      <Filter>Source Files</Filter>
    </ClCompile>
    <ClCompile Include="SkeletalMeshRenderData.cpp">
      <Filter>Source Files</Filter>
    </ClCompile>
    <ClCompile Include="StateManager.cpp">
      <Filter>Source Files</Filter>
    </ClCompile>
    <ClCompile Include="StaticMesh.cpp">
      <Filter>Source Files</Filter>
    </ClCompile>
    <ClCompile Include="StaticMeshComponent.cpp">
      <Filter>Source Files</Filter>
    </ClCompile>
    <ClCompile Include="StaticMeshEntity.cpp">
      <Filter>Source Files</Filter>
    </ClCompile>
    <ClCompile Include="Texture2D.cpp">
      <Filter>Source Files</Filter>
    </ClCompile>
    <ClCompile Include="TextureDepth2D.cpp">
      <Filter>Source Files</Filter>
    </ClCompile>
    <ClCompile Include="Util.cpp">
      <Filter>Source Files</Filter>
    </ClCompile>
    <ClCompile Include="View.cpp">
      <Filter>Source Files</Filter>
    </ClCompile>
    <ClCompile Include="xnacollision.cpp">
      <Filter>Source Files</Filter>
    </ClCompile>
  </ItemGroup>
  <ItemGroup>
    <ClInclude Include="AnimationClip.h">
      <Filter>Source Files</Filter>
    </ClInclude>
    <ClInclude Include="AnimClipInstance.h">
      <Filter>Source Files</Filter>
    </ClInclude>
    <ClInclude Include="AssertDebug.h">
      <Filter>Source Files</Filter>
    </ClInclude>
    <ClInclude Include="BaseComponent.h">
      <Filter>Source Files</Filter>
    </ClInclude>
    <ClInclude Include="BaseObject.h">
      <Filter>Source Files</Filter>
    </ClInclude>
    <ClInclude Include="Camera.h">
      <Filter>Source Files</Filter>
    </ClInclude>
    <ClInclude Include="DeferredDirLightPixelShader.h">
      <Filter>Source Files</Filter>
    </ClInclude>
    <ClInclude Include="DeferredPointLightPixelShader.h">
      <Filter>Source Files</Filter>
    </ClInclude>
    <ClInclude Include="DeferredShadowPixelShader.h">
      <Filter>Source Files</Filter>
    </ClInclude>
    <ClInclude Include="DirectionalLightComponent.h">
      <Filter>Source Files</Filter>
    </ClInclude>
    <ClInclude Include="DrawingPolicy.h">
      <Filter>Source Files</Filter>
    </ClInclude>
    <ClInclude Include="Engine.h">
      <Filter>Source Files</Filter>
    </ClInclude>
    <ClInclude Include="Entity.h">
      <Filter>Source Files</Filter>
    </ClInclude>
    <ClInclude Include="FbxFileImporter.h">
      <Filter>Source Files</Filter>
    </ClInclude>
    <ClInclude Include="FpsCamera.h">
      <Filter>Source Files</Filter>
    </ClInclude>
    <ClInclude Include="GBufferDrawingPolicy.h">
      <Filter>Source Files</Filter>
    </ClInclude>
    <ClInclude Include="Input.h">
      <Filter>Source Files</Filter>
    </ClInclude>
    <ClInclude Include="LightComponent.h">
      <Filter>Source Files</Filter>
    </ClInclude>
    <ClInclude Include="LineBatcher.h">
      <Filter>Source Files</Filter>
    </ClInclude>
    <ClInclude Include="MathUtil.h">
      <Filter>Source Files</Filter>
    </ClInclude>
    <ClInclude Include="OutputDebug.h">
      <Filter>Source Files</Filter>
    </ClInclude>
    <ClInclude Include="PixelShader.h">
      <Filter>Source Files</Filter>
    </ClInclude>
    <ClInclude Include="PointLightComponent.h">
      <Filter>Source Files</Filter>
    </ClInclude>
    <ClInclude Include="Resource.h">
      <Filter>Source Files</Filter>
    </ClInclude>
    <ClInclude Include="Shader.h">
      <Filter>Source Files</Filter>
    </ClInclude>
    <ClInclude Include="ShaderRes.h">
      <Filter>Source Files</Filter>
    </ClInclude>
    <ClInclude Include="SimpleDrawingPolicy.h">
      <Filter>Source Files</Filter>
    </ClInclude>
    <ClInclude Include="SkeletalMesh.h">
      <Filter>Source Files</Filter>
    </ClInclude>
    <ClInclude Include="SkeletalMeshComponent.h">
      <Filter>Source Files</Filter>
    </ClInclude>
    <ClInclude Include="SkeletalMeshRenderData.h">
      <Filter>Source Files</Filter>
    </ClInclude>
    <ClInclude Include="Skeleton.h">
      <Filter>Source Files</Filter>
    </ClInclude>
    <ClInclude Include="StateManager.h">
      <Filter>Source Files</Filter>
    </ClInclude>
    <ClInclude Include="StaticMesh.h">
      <Filter>Source Files</Filter>
    </ClInclude>
    <ClInclude Include="StaticMeshComponent.h">
      <Filter>Source Files</Filter>
    </ClInclude>
    <ClInclude Include="StaticMeshEntity.h">
      <Filter>Source Files</Filter>
    </ClInclude>
    <ClInclude Include="Texture2D.h">
      <Filter>Source Files</Filter>
    </ClInclude>
    <ClInclude Include="TextureDepth2D.h">
      <Filter>Source Files</Filter>
    </ClInclude>
    <ClInclude Include="Util.h">
      <Filter>Source Files</Filter>
    </ClInclude>
    <ClInclude Include="View.h">
      <Filter>Source Files</Filter>
    </ClInclude>
    <ClInclude Include="vld.h">
      <Filter>Source Files</Filter>
    </ClInclude>
    <ClInclude Include="vldapi.h">
      <Filter>Source Files</Filter>
    </ClInclude>
    <ClInclude Include="xnacollision.h">
      <Filter>Source Files</Filter>
    </ClInclude>
  </ItemGroup>
</Project>