<?xml version="1.0" encoding="utf-8"?>
<Project ToolsVersion="4.0" xmlns="http://schemas.microsoft.com/developer/msbuild/2003">
  <ItemGroup>
    <Filter Include="Source Files">
      <UniqueIdentifier>{4FC737F1-C7A5-4376-A066-2A32D752A2FF}</UniqueIdentifier>
      <Extensions>cpp;c;cc;cxx;def;odl;idl;hpj;bat;asm;asmx</Extensions>
    </Filter>
    <Filter Include="Source Files\Animation">
      <UniqueIdentifier>{1c4eadd4-62b1-4354-8aa4-3f94090c2a6c}</UniqueIdentifier>
    </Filter>
    <Filter Include="Source Files\Object">
      <UniqueIdentifier>{bf28a497-992a-4be7-94a4-e58e60fcc788}</UniqueIdentifier>
    </Filter>
    <Filter Include="Source Files\Rendering">
      <UniqueIdentifier>{7aee3f8e-bf4d-42e1-ad29-2d80e9846d31}</UniqueIdentifier>
    </Filter>
    <Filter Include="Source Files\Object\Component">
      <UniqueIdentifier>{8187da8e-8c88-4b6c-9f62-6fffade94cae}</UniqueIdentifier>
    </Filter>
    <Filter Include="Source Files\Rendering\Shader">
      <UniqueIdentifier>{e0f5879e-361b-4013-93d7-c987cbebb91a}</UniqueIdentifier>
    </Filter>
    <Filter Include="Source Files\Debug">
      <UniqueIdentifier>{19e61454-27a1-4bd5-8c1b-37342e093d17}</UniqueIdentifier>
    </Filter>
    <Filter Include="Source Files\Math">
      <UniqueIdentifier>{c0267a64-0a4b-4f74-a375-0021092ea5e9}</UniqueIdentifier>
    </Filter>
    <Filter Include="Source Files\Input">
      <UniqueIdentifier>{dedd2dde-f8b7-48ad-aad3-9172a265059c}</UniqueIdentifier>
    </Filter>
  </ItemGroup>
  <ItemGroup>
    <None Include="ReadMe.txt" />
  </ItemGroup>
  <ItemGroup>
    <ClCompile Include="Engine.cpp">
      <Filter>Source Files</Filter>
    </ClCompile>
    <ClCompile Include="View.cpp">
      <Filter>Source Files</Filter>
    </ClCompile>
    <ClCompile Include="AnimationClip.cpp">
      <Filter>Source Files\Animation</Filter>
    </ClCompile>
    <ClCompile Include="AnimClipInstance.cpp">
      <Filter>Source Files\Animation</Filter>
    </ClCompile>
    <ClCompile Include="BaseComponent.cpp">
      <Filter>Source Files\Object\Component</Filter>
    </ClCompile>
    <ClCompile Include="BaseObject.cpp">
      <Filter>Source Files\Object</Filter>
    </ClCompile>
    <ClCompile Include="Camera.cpp">
      <Filter>Source Files\Object</Filter>
    </ClCompile>
    <ClCompile Include="DeferredDirLightPixelShader.cpp">
      <Filter>Source Files\Rendering\Shader</Filter>
    </ClCompile>
    <ClCompile Include="DeferredPointLightPixelShader.cpp">
      <Filter>Source Files\Rendering\Shader</Filter>
    </ClCompile>
    <ClCompile Include="DeferredShadowPixelShader.cpp">
      <Filter>Source Files\Rendering\Shader</Filter>
    </ClCompile>
    <ClCompile Include="DirectionalLightComponent.cpp">
      <Filter>Source Files\Object\Component</Filter>
    </ClCompile>
    <ClCompile Include="GBufferDrawingPolicy.cpp">
      <Filter>Source Files\Rendering</Filter>
    </ClCompile>
    <ClCompile Include="SimpleDrawingPolicy.cpp">
      <Filter>Source Files\Rendering</Filter>
    </ClCompile>
    <ClCompile Include="DrawingPolicy.cpp">
      <Filter>Source Files\Rendering</Filter>
    </ClCompile>
    <ClCompile Include="Entity.cpp">
      <Filter>Source Files\Object</Filter>
    </ClCompile>
    <ClCompile Include="FpsCamera.cpp">
      <Filter>Source Files\Object</Filter>
    </ClCompile>
    <ClCompile Include="LightComponent.cpp">
      <Filter>Source Files\Object\Component</Filter>
    </ClCompile>
    <ClCompile Include="PointLightComponent.cpp">
      <Filter>Source Files\Object\Component</Filter>
    </ClCompile>
    <ClCompile Include="SkeletalMeshComponent.cpp">
      <Filter>Source Files\Object\Component</Filter>
    </ClCompile>
    <ClCompile Include="StaticMeshComponent.cpp">
      <Filter>Source Files\Object\Component</Filter>
    </ClCompile>
    <ClCompile Include="PixelShader.cpp">
      <Filter>Source Files\Rendering\Shader</Filter>
    </ClCompile>
    <ClCompile Include="StateManager.cpp">
      <Filter>Source Files\Rendering</Filter>
    </ClCompile>
    <ClCompile Include="StaticMesh.cpp">
      <Filter>Source Files\Object</Filter>
    </ClCompile>
    <ClCompile Include="StaticMeshEntity.cpp">
      <Filter>Source Files\Object</Filter>
    </ClCompile>
    <ClCompile Include="ShaderRes.cpp">
      <Filter>Source Files\Rendering</Filter>
    </ClCompile>
    <ClCompile Include="SkeletalMesh.cpp">
      <Filter>Source Files\Object</Filter>
    </ClCompile>
    <ClCompile Include="SkeletalMeshRenderData.cpp">
      <Filter>Source Files\Object</Filter>
    </ClCompile>
    <ClCompile Include="Shader.cpp">
      <Filter>Source Files\Rendering\Shader</Filter>
    </ClCompile>
    <ClCompile Include="Texture2D.cpp">
      <Filter>Source Files\Rendering</Filter>
    </ClCompile>
    <ClCompile Include="TextureDepth2D.cpp">
      <Filter>Source Files\Rendering</Filter>
    </ClCompile>
    <ClCompile Include="LineBatcher.cpp">
      <Filter>Source Files\Debug</Filter>
    </ClCompile>
    <ClCompile Include="OutputDebug.cpp">
      <Filter>Source Files\Debug</Filter>
    </ClCompile>
    <ClCompile Include="AssertDebug.cpp">
      <Filter>Source Files\Debug</Filter>
    </ClCompile>
    <ClCompile Include="MathUtil.cpp">
      <Filter>Source Files\Math</Filter>
    </ClCompile>
    <ClCompile Include="Util.cpp">
      <Filter>Source Files\Math</Filter>
    </ClCompile>
    <ClCompile Include="FbxFileImporter.cpp">
      <Filter>Source Files\Object</Filter>
    </ClCompile>
    <ClCompile Include="Input.cpp">
      <Filter>Source Files\Input</Filter>
    </ClCompile>
    <ClCompile Include="xnacollision.cpp">
      <Filter>Source Files\Math</Filter>
    </ClCompile>
    <ClCompile Include="CombineLitPixelShader.cpp">
      <Filter>Source Files\Rendering\Shader</Filter>
    </ClCompile>
    <ClCompile Include="VisualizeDepthPixelShader.cpp">
      <Filter>Source Files\Rendering\Shader</Filter>
    </ClCompile>
    <ClCompile Include="VisualizeSimplePixelShader.cpp">
      <Filter>Source Files\Rendering\Shader</Filter>
    </ClCompile>
    <ClCompile Include="VertexShader.cpp">
      <Filter>Source Files\Rendering\Shader</Filter>
    </ClCompile>
  </ItemGroup>
  <ItemGroup>
    <ClInclude Include="Engine.h">
      <Filter>Source Files</Filter>
    </ClInclude>
    <ClInclude Include="Resource.h">
      <Filter>Source Files</Filter>
    </ClInclude>
    <ClInclude Include="View.h">
      <Filter>Source Files</Filter>
    </ClInclude>
    <ClInclude Include="vld.h">
      <Filter>Source Files</Filter>
    </ClInclude>
    <ClInclude Include="vldapi.h">
      <Filter>Source Files</Filter>
    </ClInclude>
    <ClInclude Include="AnimClipInstance.h">
      <Filter>Source Files\Animation</Filter>
    </ClInclude>
    <ClInclude Include="AnimationClip.h">
      <Filter>Source Files\Animation</Filter>
    </ClInclude>
    <ClInclude Include="BaseComponent.h">
      <Filter>Source Files\Object\Component</Filter>
    </ClInclude>
    <ClInclude Include="BaseObject.h">
      <Filter>Source Files\Object</Filter>
    </ClInclude>
    <ClInclude Include="Camera.h">
      <Filter>Source Files\Object</Filter>
    </ClInclude>
    <ClInclude Include="DeferredShadowPixelShader.h">
      <Filter>Source Files\Rendering\Shader</Filter>
    </ClInclude>
    <ClInclude Include="DeferredDirLightPixelShader.h">
      <Filter>Source Files\Rendering\Shader</Filter>
    </ClInclude>
    <ClInclude Include="DeferredPointLightPixelShader.h">
      <Filter>Source Files\Rendering\Shader</Filter>
    </ClInclude>
    <ClInclude Include="DirectionalLightComponent.h">
      <Filter>Source Files\Object\Component</Filter>
    </ClInclude>
    <ClInclude Include="GBufferDrawingPolicy.h">
      <Filter>Source Files\Rendering</Filter>
    </ClInclude>
    <ClInclude Include="SimpleDrawingPolicy.h">
      <Filter>Source Files\Rendering</Filter>
    </ClInclude>
    <ClInclude Include="DrawingPolicy.h">
      <Filter>Source Files\Rendering</Filter>
    </ClInclude>
    <ClInclude Include="Entity.h">
      <Filter>Source Files\Object</Filter>
    </ClInclude>
    <ClInclude Include="FpsCamera.h">
      <Filter>Source Files\Object</Filter>
    </ClInclude>
    <ClInclude Include="LightComponent.h">
      <Filter>Source Files\Object\Component</Filter>
    </ClInclude>
    <ClInclude Include="PointLightComponent.h">
      <Filter>Source Files\Object\Component</Filter>
    </ClInclude>
    <ClInclude Include="SkeletalMeshComponent.h">
      <Filter>Source Files\Object\Component</Filter>
    </ClInclude>
    <ClInclude Include="StaticMeshComponent.h">
      <Filter>Source Files\Object\Component</Filter>
    </ClInclude>
    <ClInclude Include="PixelShader.h">
      <Filter>Source Files\Rendering\Shader</Filter>
    </ClInclude>
    <ClInclude Include="StateManager.h">
      <Filter>Source Files\Rendering</Filter>
    </ClInclude>
    <ClInclude Include="StaticMesh.h">
      <Filter>Source Files\Object</Filter>
    </ClInclude>
    <ClInclude Include="StaticMeshEntity.h">
      <Filter>Source Files\Object</Filter>
    </ClInclude>
    <ClInclude Include="ShaderRes.h">
      <Filter>Source Files\Rendering</Filter>
    </ClInclude>
    <ClInclude Include="Skeleton.h">
      <Filter>Source Files\Object</Filter>
    </ClInclude>
    <ClInclude Include="SkeletalMesh.h">
      <Filter>Source Files\Object</Filter>
    </ClInclude>
    <ClInclude Include="SkeletalMeshRenderData.h">
      <Filter>Source Files\Object</Filter>
    </ClInclude>
    <ClInclude Include="Shader.h">
      <Filter>Source Files\Rendering\Shader</Filter>
    </ClInclude>
    <ClInclude Include="TextureDepth2D.h">
      <Filter>Source Files\Rendering</Filter>
    </ClInclude>
    <ClInclude Include="Texture2D.h">
      <Filter>Source Files\Rendering</Filter>
    </ClInclude>
    <ClInclude Include="LineBatcher.h">
      <Filter>Source Files\Debug</Filter>
    </ClInclude>
    <ClInclude Include="OutputDebug.h">
      <Filter>Source Files\Debug</Filter>
    </ClInclude>
    <ClInclude Include="AssertDebug.h">
      <Filter>Source Files\Debug</Filter>
    </ClInclude>
    <ClInclude Include="MathUtil.h">
      <Filter>Source Files\Math</Filter>
    </ClInclude>
    <ClInclude Include="Util.h">
      <Filter>Source Files\Math</Filter>
    </ClInclude>
    <ClInclude Include="FbxFileImporter.h">
      <Filter>Source Files\Object</Filter>
    </ClInclude>
    <ClInclude Include="Input.h">
      <Filter>Source Files\Input</Filter>
    </ClInclude>
    <ClInclude Include="xnacollision.h">
      <Filter>Source Files\Math</Filter>
    </ClInclude>
    <ClInclude Include="CombineLitPixelShader.h">
      <Filter>Source Files\Rendering\Shader</Filter>
    </ClInclude>
    <ClInclude Include="VisualizeDepthPixelShader.h">
      <Filter>Source Files\Rendering\Shader</Filter>
    </ClInclude>
    <ClInclude Include="VisualizeSimplePixelShader.h">
      <Filter>Source Files\Rendering\Shader</Filter>
    </ClInclude>
    <ClInclude Include="VertexShader.h">
      <Filter>Source Files\Rendering\Shader</Filter>
    </ClInclude>
  </ItemGroup>
</Project>